
Microsoft Visual Studio Solution File, Format Version 12.00
# Visual Studio 14
VisualStudioVersion = 14.0.25123.0
MinimumVisualStudioVersion = 10.0.40219.1
Project("{FAE04EC0-301F-11D3-BF4B-00C04F79EFBC}") = "UIPriceCompare", "UIPriceCompare\UIPriceCompare.csproj", "{F2C5A508-54CB-4AE1-92A1-ABD3BBE79206}"
EndProject
Project("{FAE04EC0-301F-11D3-BF4B-00C04F79EFBC}") = "LogicPriceCompare", "LogicPriceCompare\LogicPriceCompare.csproj", "{A026824E-00FD-439B-9AED-6E85B5988315}"
EndProject
Project("{FAE04EC0-301F-11D3-BF4B-00C04F79EFBC}") = "DataPriceCompare", "DataPriceCompare\DataPriceCompare.csproj", "{FD20885F-E890-434D-B32D-F8ED7039963C}"
EndProject
Project("{2150E333-8FDC-42A3-9474-1A3956D46DE8}") = "Solution Items", "Solution Items", "{2559DE45-60ED-4F3D-8B24-15F35656535D}"
	ProjectSection(SolutionItems) = preProject
		ReadMe.txt = ReadMe.txt
	EndProjectSection
EndProject
Global
	GlobalSection(SolutionConfigurationPlatforms) = preSolution
		Debug|Any CPU = Debug|Any CPU
		Release|Any CPU = Release|Any CPU
	EndGlobalSection
	GlobalSection(ProjectConfigurationPlatforms) = postSolution
		{F2C5A508-54CB-4AE1-92A1-ABD3BBE79206}.Debug|Any CPU.ActiveCfg = Debug|Any CPU
		{F2C5A508-54CB-4AE1-92A1-ABD3BBE79206}.Debug|Any CPU.Build.0 = Debug|Any CPU
		{F2C5A508-54CB-4AE1-92A1-ABD3BBE79206}.Release|Any CPU.ActiveCfg = Release|Any CPU
		{F2C5A508-54CB-4AE1-92A1-ABD3BBE79206}.Release|Any CPU.Build.0 = Release|Any CPU
		{A026824E-00FD-439B-9AED-6E85B5988315}.Debug|Any CPU.ActiveCfg = Debug|Any CPU
		{A026824E-00FD-439B-9AED-6E85B5988315}.Debug|Any CPU.Build.0 = Debug|Any CPU
		{A026824E-00FD-439B-9AED-6E85B5988315}.Release|Any CPU.ActiveCfg = Release|Any CPU
		{A026824E-00FD-439B-9AED-6E85B5988315}.Release|Any CPU.Build.0 = Release|Any CPU
		{FD20885F-E890-434D-B32D-F8ED7039963C}.Debug|Any CPU.ActiveCfg = Debug|Any CPU
		{FD20885F-E890-434D-B32D-F8ED7039963C}.Debug|Any CPU.Build.0 = Debug|Any CPU
		{FD20885F-E890-434D-B32D-F8ED7039963C}.Release|Any CPU.ActiveCfg = Release|Any CPU
		{FD20885F-E890-434D-B32D-F8ED7039963C}.Release|Any CPU.Build.0 = Release|Any CPU
	EndGlobalSection
	GlobalSection(SolutionProperties) = preSolution
		HideSolutionNode = FALSE
	EndGlobalSection
EndGlobal
